// !$*UTF8*$!
{
	archiveVersion = 1;
	classes = {
	};
	objectVersion = 56;
	objects = {

/* Begin PBXBuildFile section */
		BC3E8B622BFC2CA2008564D0 /* Exercise.swift in Sources */ = {isa = PBXBuildFile; fileRef = BC3E8B612BFC2CA2008564D0 /* Exercise.swift */; };
		BC3E8B642BFD3184008564D0 /* CreateNewExerciseView.swift in Sources */ = {isa = PBXBuildFile; fileRef = BC3E8B632BFD3184008564D0 /* CreateNewExerciseView.swift */; };
		BC3E8B662BFD3B7F008564D0 /* EditExerciseView.swift in Sources */ = {isa = PBXBuildFile; fileRef = BC3E8B652BFD3B7F008564D0 /* EditExerciseView.swift */; };
		BC67158F2BEDC04F00FB61BE /* IronInsightApp.swift in Sources */ = {isa = PBXBuildFile; fileRef = BC67158E2BEDC04F00FB61BE /* IronInsightApp.swift */; };
		BC6715912BEDC04F00FB61BE /* ContentView.swift in Sources */ = {isa = PBXBuildFile; fileRef = BC6715902BEDC04F00FB61BE /* ContentView.swift */; };
		BC6715932BEDC05100FB61BE /* Assets.xcassets in Resources */ = {isa = PBXBuildFile; fileRef = BC6715922BEDC05100FB61BE /* Assets.xcassets */; };
		BC6715972BEDC05100FB61BE /* Preview Assets.xcassets in Resources */ = {isa = PBXBuildFile; fileRef = BC6715962BEDC05100FB61BE /* Preview Assets.xcassets */; };
		BC6715A02BEEE44600FB61BE /* ChartView.swift in Sources */ = {isa = PBXBuildFile; fileRef = BC67159F2BEEE44600FB61BE /* ChartView.swift */; };
		BC6715A42BEEEC2F00FB61BE /* BodyweightLog.swift in Sources */ = {isa = PBXBuildFile; fileRef = BC6715A32BEEEC2F00FB61BE /* BodyweightLog.swift */; };
		BC8EFA1C2BF5363600432341 /* CustomTabView.swift in Sources */ = {isa = PBXBuildFile; fileRef = BC8EFA1B2BF5363600432341 /* CustomTabView.swift */; };
		BC8EFA1E2BF5494C00432341 /* QuickAddView.swift in Sources */ = {isa = PBXBuildFile; fileRef = BC8EFA1D2BF5494C00432341 /* QuickAddView.swift */; };
		BC8EFA242BF55FB400432341 /* DashboardView.swift in Sources */ = {isa = PBXBuildFile; fileRef = BC8EFA232BF55FB400432341 /* DashboardView.swift */; };
		BC8EFA262BF5604E00432341 /* ExercisesView.swift in Sources */ = {isa = PBXBuildFile; fileRef = BC8EFA252BF5604E00432341 /* ExercisesView.swift */; };
		BC8EFA2A2BF565E300432341 /* ProfileView.swift in Sources */ = {isa = PBXBuildFile; fileRef = BC8EFA292BF565E300432341 /* ProfileView.swift */; };
		BC8EFA2C2BF570DD00432341 /* LogBodyweightView.swift in Sources */ = {isa = PBXBuildFile; fileRef = BC8EFA2B2BF570DD00432341 /* LogBodyweightView.swift */; };
/* End PBXBuildFile section */

/* Begin PBXFileReference section */
		BC3E8B612BFC2CA2008564D0 /* Exercise.swift */ = {isa = PBXFileReference; lastKnownFileType = sourcecode.swift; path = Exercise.swift; sourceTree = "<group>"; };
		BC3E8B632BFD3184008564D0 /* CreateNewExerciseView.swift */ = {isa = PBXFileReference; lastKnownFileType = sourcecode.swift; path = CreateNewExerciseView.swift; sourceTree = "<group>"; };
		BC3E8B652BFD3B7F008564D0 /* EditExerciseView.swift */ = {isa = PBXFileReference; lastKnownFileType = sourcecode.swift; path = EditExerciseView.swift; sourceTree = "<group>"; };
		BC67158B2BEDC04F00FB61BE /* IronInsight.app */ = {isa = PBXFileReference; explicitFileType = wrapper.application; includeInIndex = 0; path = IronInsight.app; sourceTree = BUILT_PRODUCTS_DIR; };
		BC67158E2BEDC04F00FB61BE /* IronInsightApp.swift */ = {isa = PBXFileReference; lastKnownFileType = sourcecode.swift; path = IronInsightApp.swift; sourceTree = "<group>"; };
		BC6715902BEDC04F00FB61BE /* ContentView.swift */ = {isa = PBXFileReference; lastKnownFileType = sourcecode.swift; path = ContentView.swift; sourceTree = "<group>"; };
		BC6715922BEDC05100FB61BE /* Assets.xcassets */ = {isa = PBXFileReference; lastKnownFileType = folder.assetcatalog; path = Assets.xcassets; sourceTree = "<group>"; };
		BC6715942BEDC05100FB61BE /* IronInsight.entitlements */ = {isa = PBXFileReference; lastKnownFileType = text.plist.entitlements; path = IronInsight.entitlements; sourceTree = "<group>"; };
		BC6715962BEDC05100FB61BE /* Preview Assets.xcassets */ = {isa = PBXFileReference; lastKnownFileType = folder.assetcatalog; path = "Preview Assets.xcassets"; sourceTree = "<group>"; };
		BC67159F2BEEE44600FB61BE /* ChartView.swift */ = {isa = PBXFileReference; lastKnownFileType = sourcecode.swift; path = ChartView.swift; sourceTree = "<group>"; };
		BC6715A32BEEEC2F00FB61BE /* BodyweightLog.swift */ = {isa = PBXFileReference; lastKnownFileType = sourcecode.swift; path = BodyweightLog.swift; sourceTree = "<group>"; };
		BC8EFA1B2BF5363600432341 /* CustomTabView.swift */ = {isa = PBXFileReference; lastKnownFileType = sourcecode.swift; path = CustomTabView.swift; sourceTree = "<group>"; };
		BC8EFA1D2BF5494C00432341 /* QuickAddView.swift */ = {isa = PBXFileReference; lastKnownFileType = sourcecode.swift; path = QuickAddView.swift; sourceTree = "<group>"; };
		BC8EFA232BF55FB400432341 /* DashboardView.swift */ = {isa = PBXFileReference; lastKnownFileType = sourcecode.swift; path = DashboardView.swift; sourceTree = "<group>"; };
		BC8EFA252BF5604E00432341 /* ExercisesView.swift */ = {isa = PBXFileReference; lastKnownFileType = sourcecode.swift; path = ExercisesView.swift; sourceTree = "<group>"; };
		BC8EFA292BF565E300432341 /* ProfileView.swift */ = {isa = PBXFileReference; lastKnownFileType = sourcecode.swift; path = ProfileView.swift; sourceTree = "<group>"; };
		BC8EFA2B2BF570DD00432341 /* LogBodyweightView.swift */ = {isa = PBXFileReference; lastKnownFileType = sourcecode.swift; path = LogBodyweightView.swift; sourceTree = "<group>"; };
/* End PBXFileReference section */

/* Begin PBXFrameworksBuildPhase section */
		BC6715882BEDC04F00FB61BE /* Frameworks */ = {
			isa = PBXFrameworksBuildPhase;
			buildActionMask = 2147483647;
			files = (
			);
			runOnlyForDeploymentPostprocessing = 0;
		};
/* End PBXFrameworksBuildPhase section */

/* Begin PBXGroup section */
		BC6715822BEDC04F00FB61BE = {
			isa = PBXGroup;
			children = (
				BC67158D2BEDC04F00FB61BE /* IronInsight */,
				BC67158C2BEDC04F00FB61BE /* Products */,
			);
			sourceTree = "<group>";
		};
		BC67158C2BEDC04F00FB61BE /* Products */ = {
			isa = PBXGroup;
			children = (
				BC67158B2BEDC04F00FB61BE /* IronInsight.app */,
			);
			name = Products;
			sourceTree = "<group>";
		};
		BC67158D2BEDC04F00FB61BE /* IronInsight */ = {
			isa = PBXGroup;
			children = (
				BC8EFA172BF5225600432341 /* ViewModels */,
				BCF1654F2BF442FB009D9259 /* Models */,
				BCF1654E2BF4424D009D9259 /* Views */,
				BC67158E2BEDC04F00FB61BE /* IronInsightApp.swift */,
				BC6715902BEDC04F00FB61BE /* ContentView.swift */,
				BC6715922BEDC05100FB61BE /* Assets.xcassets */,
				BC6715942BEDC05100FB61BE /* IronInsight.entitlements */,
				BC6715952BEDC05100FB61BE /* Preview Content */,
			);
			path = IronInsight;
			sourceTree = "<group>";
		};
		BC6715952BEDC05100FB61BE /* Preview Content */ = {
			isa = PBXGroup;
			children = (
				BC6715962BEDC05100FB61BE /* Preview Assets.xcassets */,
			);
			path = "Preview Content";
			sourceTree = "<group>";
		};
		BC8EFA172BF5225600432341 /* ViewModels */ = {
			isa = PBXGroup;
			children = (
			);
			path = ViewModels;
			sourceTree = "<group>";
		};
		BC8EFA212BF5539800432341 /* Components */ = {
			isa = PBXGroup;
			children = (
				BC67159F2BEEE44600FB61BE /* ChartView.swift */,
				BC8EFA1B2BF5363600432341 /* CustomTabView.swift */,
				BC3E8B632BFD3184008564D0 /* CreateNewExerciseView.swift */,
				BC3E8B652BFD3B7F008564D0 /* EditExerciseView.swift */,
			);
			path = Components;
			sourceTree = "<group>";
		};
		BCF1654E2BF4424D009D9259 /* Views */ = {
			isa = PBXGroup;
			children = (
				BC8EFA212BF5539800432341 /* Components */,
				BC8EFA1D2BF5494C00432341 /* QuickAddView.swift */,
				BC8EFA232BF55FB400432341 /* DashboardView.swift */,
				BC8EFA252BF5604E00432341 /* ExercisesView.swift */,
				BC8EFA292BF565E300432341 /* ProfileView.swift */,
				BC8EFA2B2BF570DD00432341 /* LogBodyweightView.swift */,
			);
			path = Views;
			sourceTree = "<group>";
		};
		BCF1654F2BF442FB009D9259 /* Models */ = {
			isa = PBXGroup;
			children = (
				BC6715A32BEEEC2F00FB61BE /* BodyweightLog.swift */,
				BC3E8B612BFC2CA2008564D0 /* Exercise.swift */,
			);
			path = Models;
			sourceTree = "<group>";
		};
/* End PBXGroup section */

/* Begin PBXNativeTarget section */
		BC67158A2BEDC04F00FB61BE /* IronInsight */ = {
			isa = PBXNativeTarget;
			buildConfigurationList = BC67159A2BEDC05100FB61BE /* Build configuration list for PBXNativeTarget "IronInsight" */;
			buildPhases = (
				BC6715872BEDC04F00FB61BE /* Sources */,
				BC6715882BEDC04F00FB61BE /* Frameworks */,
				BC6715892BEDC04F00FB61BE /* Resources */,
			);
			buildRules = (
			);
			dependencies = (
			);
			name = IronInsight;
			productName = IronInsight;
			productReference = BC67158B2BEDC04F00FB61BE /* IronInsight.app */;
			productType = "com.apple.product-type.application";
		};
/* End PBXNativeTarget section */

/* Begin PBXProject section */
		BC6715832BEDC04F00FB61BE /* Project object */ = {
			isa = PBXProject;
			attributes = {
				BuildIndependentTargetsInParallel = 1;
				LastSwiftUpdateCheck = 1530;
				LastUpgradeCheck = 1540;
				TargetAttributes = {
					BC67158A2BEDC04F00FB61BE = {
						CreatedOnToolsVersion = 15.3;
					};
				};
			};
			buildConfigurationList = BC6715862BEDC04F00FB61BE /* Build configuration list for PBXProject "IronInsight" */;
			compatibilityVersion = "Xcode 14.0";
			developmentRegion = en;
			hasScannedForEncodings = 0;
			knownRegions = (
				en,
				Base,
			);
			mainGroup = BC6715822BEDC04F00FB61BE;
			productRefGroup = BC67158C2BEDC04F00FB61BE /* Products */;
			projectDirPath = "";
			projectRoot = "";
			targets = (
				BC67158A2BEDC04F00FB61BE /* IronInsight */,
			);
		};
/* End PBXProject section */

/* Begin PBXResourcesBuildPhase section */
		BC6715892BEDC04F00FB61BE /* Resources */ = {
			isa = PBXResourcesBuildPhase;
			buildActionMask = 2147483647;
			files = (
				BC6715972BEDC05100FB61BE /* Preview Assets.xcassets in Resources */,
				BC6715932BEDC05100FB61BE /* Assets.xcassets in Resources */,
			);
			runOnlyForDeploymentPostprocessing = 0;
		};
/* End PBXResourcesBuildPhase section */

/* Begin PBXSourcesBuildPhase section */
		BC6715872BEDC04F00FB61BE /* Sources */ = {
			isa = PBXSourcesBuildPhase;
			buildActionMask = 2147483647;
			files = (
				BC6715912BEDC04F00FB61BE /* ContentView.swift in Sources */,
				BC8EFA242BF55FB400432341 /* DashboardView.swift in Sources */,
				BC3E8B662BFD3B7F008564D0 /* EditExerciseView.swift in Sources */,
				BC8EFA2A2BF565E300432341 /* ProfileView.swift in Sources */,
				BC6715A42BEEEC2F00FB61BE /* BodyweightLog.swift in Sources */,
				BC8EFA1C2BF5363600432341 /* CustomTabView.swift in Sources */,
				BC8EFA262BF5604E00432341 /* ExercisesView.swift in Sources */,
				BC3E8B622BFC2CA2008564D0 /* Exercise.swift in Sources */,
				BC67158F2BEDC04F00FB61BE /* IronInsightApp.swift in Sources */,
				BC8EFA2C2BF570DD00432341 /* LogBodyweightView.swift in Sources */,
				BC8EFA1E2BF5494C00432341 /* QuickAddView.swift in Sources */,
				BC6715A02BEEE44600FB61BE /* ChartView.swift in Sources */,
				BC3E8B642BFD3184008564D0 /* CreateNewExerciseView.swift in Sources */,
			);
			runOnlyForDeploymentPostprocessing = 0;
		};
/* End PBXSourcesBuildPhase section */

/* Begin XCBuildConfiguration section */
		BC6715982BEDC05100FB61BE /* Debug */ = {
			isa = XCBuildConfiguration;
			buildSettings = {
				ALWAYS_SEARCH_USER_PATHS = NO;
				ASSETCATALOG_COMPILER_GENERATE_SWIFT_ASSET_SYMBOL_EXTENSIONS = YES;
				CLANG_ANALYZER_NONNULL = YES;
				CLANG_ANALYZER_NUMBER_OBJECT_CONVERSION = YES_AGGRESSIVE;
				CLANG_CXX_LANGUAGE_STANDARD = "gnu++20";
				CLANG_ENABLE_MODULES = YES;
				CLANG_ENABLE_OBJC_ARC = YES;
				CLANG_ENABLE_OBJC_WEAK = YES;
				CLANG_WARN_BLOCK_CAPTURE_AUTORELEASING = YES;
				CLANG_WARN_BOOL_CONVERSION = YES;
				CLANG_WARN_COMMA = YES;
				CLANG_WARN_CONSTANT_CONVERSION = YES;
				CLANG_WARN_DEPRECATED_OBJC_IMPLEMENTATIONS = YES;
				CLANG_WARN_DIRECT_OBJC_ISA_USAGE = YES_ERROR;
				CLANG_WARN_DOCUMENTATION_COMMENTS = YES;
				CLANG_WARN_EMPTY_BODY = YES;
				CLANG_WARN_ENUM_CONVERSION = YES;
				CLANG_WARN_INFINITE_RECURSION = YES;
				CLANG_WARN_INT_CONVERSION = YES;
				CLANG_WARN_NON_LITERAL_NULL_CONVERSION = YES;
				CLANG_WARN_OBJC_IMPLICIT_RETAIN_SELF = YES;
				CLANG_WARN_OBJC_LITERAL_CONVERSION = YES;
				CLANG_WARN_OBJC_ROOT_CLASS = YES_ERROR;
				CLANG_WARN_QUOTED_INCLUDE_IN_FRAMEWORK_HEADER = YES;
				CLANG_WARN_RANGE_LOOP_ANALYSIS = YES;
				CLANG_WARN_STRICT_PROTOTYPES = YES;
				CLANG_WARN_SUSPICIOUS_MOVE = YES;
				CLANG_WARN_UNGUARDED_AVAILABILITY = YES_AGGRESSIVE;
				CLANG_WARN_UNREACHABLE_CODE = YES;
				CLANG_WARN__DUPLICATE_METHOD_MATCH = YES;
				COPY_PHASE_STRIP = NO;
				DEAD_CODE_STRIPPING = YES;
				DEBUG_INFORMATION_FORMAT = dwarf;
				ENABLE_STRICT_OBJC_MSGSEND = YES;
				ENABLE_TESTABILITY = YES;
				ENABLE_USER_SCRIPT_SANDBOXING = YES;
				GCC_C_LANGUAGE_STANDARD = gnu17;
				GCC_DYNAMIC_NO_PIC = NO;
				GCC_NO_COMMON_BLOCKS = YES;
				GCC_OPTIMIZATION_LEVEL = 0;
				GCC_PREPROCESSOR_DEFINITIONS = (
					"DEBUG=1",
					"$(inherited)",
				);
				GCC_WARN_64_TO_32_BIT_CONVERSION = YES;
				GCC_WARN_ABOUT_RETURN_TYPE = YES_ERROR;
				GCC_WARN_UNDECLARED_SELECTOR = YES;
				GCC_WARN_UNINITIALIZED_AUTOS = YES_AGGRESSIVE;
				GCC_WARN_UNUSED_FUNCTION = YES;
				GCC_WARN_UNUSED_VARIABLE = YES;
				LOCALIZATION_PREFERS_STRING_CATALOGS = YES;
				MTL_ENABLE_DEBUG_INFO = INCLUDE_SOURCE;
				MTL_FAST_MATH = YES;
				ONLY_ACTIVE_ARCH = YES;
				SWIFT_ACTIVE_COMPILATION_CONDITIONS = "DEBUG $(inherited)";
				SWIFT_OPTIMIZATION_LEVEL = "-Onone";
			};
			name = Debug;
		};
		BC6715992BEDC05100FB61BE /* Release */ = {
			isa = XCBuildConfiguration;
			buildSettings = {
				ALWAYS_SEARCH_USER_PATHS = NO;
				ASSETCATALOG_COMPILER_GENERATE_SWIFT_ASSET_SYMBOL_EXTENSIONS = YES;
				CLANG_ANALYZER_NONNULL = YES;
				CLANG_ANALYZER_NUMBER_OBJECT_CONVERSION = YES_AGGRESSIVE;
				CLANG_CXX_LANGUAGE_STANDARD = "gnu++20";
				CLANG_ENABLE_MODULES = YES;
				CLANG_ENABLE_OBJC_ARC = YES;
				CLANG_ENABLE_OBJC_WEAK = YES;
				CLANG_WARN_BLOCK_CAPTURE_AUTORELEASING = YES;
				CLANG_WARN_BOOL_CONVERSION = YES;
				CLANG_WARN_COMMA = YES;
				CLANG_WARN_CONSTANT_CONVERSION = YES;
				CLANG_WARN_DEPRECATED_OBJC_IMPLEMENTATIONS = YES;
				CLANG_WARN_DIRECT_OBJC_ISA_USAGE = YES_ERROR;
				CLANG_WARN_DOCUMENTATION_COMMENTS = YES;
				CLANG_WARN_EMPTY_BODY = YES;
				CLANG_WARN_ENUM_CONVERSION = YES;
				CLANG_WARN_INFINITE_RECURSION = YES;
				CLANG_WARN_INT_CONVERSION = YES;
				CLANG_WARN_NON_LITERAL_NULL_CONVERSION = YES;
				CLANG_WARN_OBJC_IMPLICIT_RETAIN_SELF = YES;
				CLANG_WARN_OBJC_LITERAL_CONVERSION = YES;
				CLANG_WARN_OBJC_ROOT_CLASS = YES_ERROR;
				CLANG_WARN_QUOTED_INCLUDE_IN_FRAMEWORK_HEADER = YES;
				CLANG_WARN_RANGE_LOOP_ANALYSIS = YES;
				CLANG_WARN_STRICT_PROTOTYPES = YES;
				CLANG_WARN_SUSPICIOUS_MOVE = YES;
				CLANG_WARN_UNGUARDED_AVAILABILITY = YES_AGGRESSIVE;
				CLANG_WARN_UNREACHABLE_CODE = YES;
				CLANG_WARN__DUPLICATE_METHOD_MATCH = YES;
				COPY_PHASE_STRIP = NO;
				DEAD_CODE_STRIPPING = YES;
				DEBUG_INFORMATION_FORMAT = "dwarf-with-dsym";
				ENABLE_NS_ASSERTIONS = NO;
				ENABLE_STRICT_OBJC_MSGSEND = YES;
				ENABLE_USER_SCRIPT_SANDBOXING = YES;
				GCC_C_LANGUAGE_STANDARD = gnu17;
				GCC_NO_COMMON_BLOCKS = YES;
				GCC_WARN_64_TO_32_BIT_CONVERSION = YES;
				GCC_WARN_ABOUT_RETURN_TYPE = YES_ERROR;
				GCC_WARN_UNDECLARED_SELECTOR = YES;
				GCC_WARN_UNINITIALIZED_AUTOS = YES_AGGRESSIVE;
				GCC_WARN_UNUSED_FUNCTION = YES;
				GCC_WARN_UNUSED_VARIABLE = YES;
				LOCALIZATION_PREFERS_STRING_CATALOGS = YES;
				MTL_ENABLE_DEBUG_INFO = NO;
				MTL_FAST_MATH = YES;
				SWIFT_COMPILATION_MODE = wholemodule;
			};
			name = Release;
		};
		BC67159B2BEDC05100FB61BE /* Debug */ = {
			isa = XCBuildConfiguration;
			buildSettings = {
				ASSETCATALOG_COMPILER_APPICON_NAME = AppIcon;
				ASSETCATALOG_COMPILER_GLOBAL_ACCENT_COLOR_NAME = AccentColor;
				CODE_SIGN_ENTITLEMENTS = IronInsight/IronInsight.entitlements;
				CODE_SIGN_STYLE = Automatic;
				CURRENT_PROJECT_VERSION = 1;
				DEAD_CODE_STRIPPING = YES;
				DEVELOPMENT_ASSET_PATHS = "\"IronInsight/Preview Content\"";
				DEVELOPMENT_TEAM = TFZXPZ7V85;
				ENABLE_HARDENED_RUNTIME = YES;
				ENABLE_PREVIEWS = YES;
				GENERATE_INFOPLIST_FILE = YES;
				"INFOPLIST_KEY_UIApplicationSceneManifest_Generation[sdk=iphoneos*]" = YES;
				"INFOPLIST_KEY_UIApplicationSceneManifest_Generation[sdk=iphonesimulator*]" = YES;
				"INFOPLIST_KEY_UIApplicationSupportsIndirectInputEvents[sdk=iphoneos*]" = YES;
				"INFOPLIST_KEY_UIApplicationSupportsIndirectInputEvents[sdk=iphonesimulator*]" = YES;
				"INFOPLIST_KEY_UILaunchScreen_Generation[sdk=iphoneos*]" = YES;
				"INFOPLIST_KEY_UILaunchScreen_Generation[sdk=iphonesimulator*]" = YES;
				"INFOPLIST_KEY_UIStatusBarStyle[sdk=iphoneos*]" = UIStatusBarStyleDefault;
				"INFOPLIST_KEY_UIStatusBarStyle[sdk=iphonesimulator*]" = UIStatusBarStyleDefault;
				INFOPLIST_KEY_UISupportedInterfaceOrientations_iPad = "UIInterfaceOrientationPortrait UIInterfaceOrientationPortraitUpsideDown UIInterfaceOrientationLandscapeLeft UIInterfaceOrientationLandscapeRight";
				INFOPLIST_KEY_UISupportedInterfaceOrientations_iPhone = "UIInterfaceOrientationPortrait UIInterfaceOrientationLandscapeLeft UIInterfaceOrientationLandscapeRight";
				IPHONEOS_DEPLOYMENT_TARGET = 17.4;
				LD_RUNPATH_SEARCH_PATHS = "@executable_path/Frameworks";
				"LD_RUNPATH_SEARCH_PATHS[sdk=macosx*]" = "@executable_path/../Frameworks";
				MACOSX_DEPLOYMENT_TARGET = 14.4;
				MARKETING_VERSION = 1.0;
				PRODUCT_BUNDLE_IDENTIFIER = com.haydgraham.IronInsight;
				PRODUCT_NAME = "$(TARGET_NAME)";
				SDKROOT = auto;
				SUPPORTED_PLATFORMS = "iphoneos iphonesimulator macosx";
				SWIFT_EMIT_LOC_STRINGS = YES;
				SWIFT_VERSION = 5.0;
				TARGETED_DEVICE_FAMILY = "1,2";
			};
			name = Debug;
		};
		BC67159C2BEDC05100FB61BE /* Release */ = {
			isa = XCBuildConfiguration;
			buildSettings = {
				ASSETCATALOG_COMPILER_APPICON_NAME = AppIcon;
				ASSETCATALOG_COMPILER_GLOBAL_ACCENT_COLOR_NAME = AccentColor;
				CODE_SIGN_ENTITLEMENTS = IronInsight/IronInsight.entitlements;
				CODE_SIGN_STYLE = Automatic;
				CURRENT_PROJECT_VERSION = 1;
				DEAD_CODE_STRIPPING = YES;
				DEVELOPMENT_ASSET_PATHS = "\"IronInsight/Preview Content\"";
				DEVELOPMENT_TEAM = TFZXPZ7V85;
				ENABLE_HARDENED_RUNTIME = YES;
				ENABLE_PREVIEWS = YES;
				GENERATE_INFOPLIST_FILE = YES;
				"INFOPLIST_KEY_UIApplicationSceneManifest_Generation[sdk=iphoneos*]" = YES;
				"INFOPLIST_KEY_UIApplicationSceneManifest_Generation[sdk=iphonesimulator*]" = YES;
				"INFOPLIST_KEY_UIApplicationSupportsIndirectInputEvents[sdk=iphoneos*]" = YES;
				"INFOPLIST_KEY_UIApplicationSupportsIndirectInputEvents[sdk=iphonesimulator*]" = YES;
				"INFOPLIST_KEY_UILaunchScreen_Generation[sdk=iphoneos*]" = YES;
				"INFOPLIST_KEY_UILaunchScreen_Generation[sdk=iphonesimulator*]" = YES;
				"INFOPLIST_KEY_UIStatusBarStyle[sdk=iphoneos*]" = UIStatusBarStyleDefault;
				"INFOPLIST_KEY_UIStatusBarStyle[sdk=iphonesimulator*]" = UIStatusBarStyleDefault;
				INFOPLIST_KEY_UISupportedInterfaceOrientations_iPad = "UIInterfaceOrientationPortrait UIInterfaceOrientationPortraitUpsideDown UIInterfaceOrientationLandscapeLeft UIInterfaceOrientationLandscapeRight";
				INFOPLIST_KEY_UISupportedInterfaceOrientations_iPhone = "UIInterfaceOrientationPortrait UIInterfaceOrientationLandscapeLeft UIInterfaceOrientationLandscapeRight";
				IPHONEOS_DEPLOYMENT_TARGET = 17.4;
				LD_RUNPATH_SEARCH_PATHS = "@executable_path/Frameworks";
				"LD_RUNPATH_SEARCH_PATHS[sdk=macosx*]" = "@executable_path/../Frameworks";
				MACOSX_DEPLOYMENT_TARGET = 14.4;
				MARKETING_VERSION = 1.0;
				PRODUCT_BUNDLE_IDENTIFIER = com.haydgraham.IronInsight;
				PRODUCT_NAME = "$(TARGET_NAME)";
				SDKROOT = auto;
				SUPPORTED_PLATFORMS = "iphoneos iphonesimulator macosx";
				SWIFT_EMIT_LOC_STRINGS = YES;
				SWIFT_VERSION = 5.0;
				TARGETED_DEVICE_FAMILY = "1,2";
			};
			name = Release;
		};
/* End XCBuildConfiguration section */

/* Begin XCConfigurationList section */
		BC6715862BEDC04F00FB61BE /* Build configuration list for PBXProject "IronInsight" */ = {
			isa = XCConfigurationList;
			buildConfigurations = (
				BC6715982BEDC05100FB61BE /* Debug */,
				BC6715992BEDC05100FB61BE /* Release */,
			);
			defaultConfigurationIsVisible = 0;
			defaultConfigurationName = Release;
		};
		BC67159A2BEDC05100FB61BE /* Build configuration list for PBXNativeTarget "IronInsight" */ = {
			isa = XCConfigurationList;
			buildConfigurations = (
				BC67159B2BEDC05100FB61BE /* Debug */,
				BC67159C2BEDC05100FB61BE /* Release */,
			);
			defaultConfigurationIsVisible = 0;
			defaultConfigurationName = Release;
		};
/* End XCConfigurationList section */
	};
	rootObject = BC6715832BEDC04F00FB61BE /* Project object */;
}
